PODS:
  - NVActivityIndicatorView (4.8.0):
    - NVActivityIndicatorView/Presenter (= 4.8.0)
  - NVActivityIndicatorView/Presenter (4.8.0)
  - PullToRefresher (3.3):
    - NVActivityIndicatorView (~> 4.8.0)
    - RxCocoa (~> 5)
    - RxSwift (~> 5)
  - RxCocoa (5.1.1):
    - RxRelay (~> 5)
    - RxSwift (~> 5)
  - RxRelay (5.1.1):
    - RxSwift (~> 5)
  - RxSwift (5.1.1)

DEPENDENCIES:
  - PullToRefresher (from `../`)

SPEC REPOS:
  trunk:
    - NVActivityIndicatorView
    - RxCocoa
    - RxRelay
    - RxSwift

EXTERNAL SOURCES:
  PullToRefresher:
    :path: "../"

SPEC CHECKSUMS:
  NVActivityIndicatorView: d24b7ebcf80af5dcd994adb650e2b6c93379270f
  PullToRefresher: 88565b7a34b1d4348530aeebaf9fae61271985c8
  RxCocoa: 32065309a38d29b5b0db858819b5bf9ef038b601
  RxRelay: d77f7d771495f43c556cbc43eebd1bb54d01e8e9
  RxSwift: 81470a2074fa8780320ea5fe4102807cb7118178

PODFILE CHECKSUM: 5da7958d506fef12507b937364b2b7a82a8ccf68

COCOAPODS: 1.9.3
